github.com/Jafeth17/dog v0.0.0-20241007154104-21c7aab22677 h1:wJX4Ok3xh7cx+KCff1rTSTOghDYXIlNPzZV2tGUdyiw=
github.com/Jafeth17/dog v0.0.0-20241007154104-21c7aab22677/go.mod h1:8sumFtn/MFrogkslzPJhMDSf848njwjfS1RLPe3JGtA=
github.com/Jafeth17/puppy v0.0.0-20241007154458-d0fda941dccd h1:a7tUUcWblbDE6J8Gfw+T+e0gTIG6nuDTAqJqWswO0MM=
github.com/Jafeth17/puppy v0.0.0-20241007154458-d0fda941dccd/go.mod h1:PqsjswWbyiIAFue3gSg2a+lk2YvYqys5yo/D402lzKo=
